# THIS IS AN AUTOGENERATED FILE. DO NOT EDIT THIS FILE DIRECTLY.
# yarn lockfile v1


"@koa/cors@^3.0.0":
  version "3.1.0"
  resolved "https://registry.yarnpkg.com/@koa/cors/-/cors-3.1.0.tgz#618bb073438cfdbd3ebd0e648a76e33b84f3a3b2"
  integrity sha512-7ulRC1da/rBa6kj6P4g2aJfnET3z8Uf3SWu60cjbtxTA5g8lxRdX/Bd2P92EagGwwAhANeNw8T8if99rJliR6Q==
  dependencies:
    vary "^1.1.2"

"@tootallnate/once@1":
  version "1.1.2"
  resolved "https://registry.yarnpkg.com/@tootallnate/once/-/once-1.1.2.tgz#ccb91445360179a04e7fe6aff78c00ffc1eeaf82"
  integrity sha512-RbzJvlNzmRq5c3O09UipeuXno4tA1FE6ikOjxZK0tuxVv3412l64l5t1W5pj4+rJq9vpkm/kwiR07aZXnsKPxw==

JSONStream@^1.3.5:
  version "1.3.5"
  resolved "https://registry.yarnpkg.com/JSONStream/-/JSONStream-1.3.5.tgz#3208c1f08d3a4d99261ab64f92302bc15e111ca0"
  integrity sha512-E+iruNOY8VV9s4JEbe1aNEm6MiszPRr/UfcHMz0TQh1BXSxHK+ASV1R6W4HpjBhSeS+54PIsAMCBmwD06LLsqQ==
  dependencies:
    jsonparse "^1.2.0"
    through ">=2.2.7 <3"

accepts@^1.3.5, accepts@~1.3.4:
  version "1.3.7"
  resolved "https://registry.yarnpkg.com/accepts/-/accepts-1.3.7.tgz#531bc726517a3b2b41f850021c6cc15eaab507cd"
  integrity sha512-Il80Qs2WjYlJIBNzNkK6KYqlVMTbZLXgHx2oT0pU/fjRHyEp+PEfEPY0R3WCwAGVOtauxh1hOxNgIf5bv7dQpA==
  dependencies:
    mime-types "~2.1.24"
    negotiator "0.6.2"

agent-base@6:
  version "6.0.2"
  resolved "https://registry.yarnpkg.com/agent-base/-/agent-base-6.0.2.tgz#49fff58577cfee3f37176feab4c22e00f86d7f77"
  integrity sha512-RZNwNclF7+MS/8bDg70amg32dyeZGZxiDuQmZxKLAlQjr3jGyLx+4Kkk58UO7D2QdgFIQCovuSuZESne6RG6XQ==
  dependencies:
    debug "4"

ansi-escape-sequences@^5.1.2:
  version "5.1.2"
  resolved "https://registry.yarnpkg.com/ansi-escape-sequences/-/ansi-escape-sequences-5.1.2.tgz#b24471db2073009ebe28a7044ac7436bbd3d28e7"
  integrity sha512-JcpoVp1W1bl1Qn4cVuiXEhD6+dyXKSOgCn2zlzE8inYgCJCBy1aPnUhlz6I4DFum8D4ovb9Qi/iAjUcGvG2lqw==
  dependencies:
    array-back "^4.0.0"

ansi-styles@^3.2.1:
  version "3.2.1"
  resolved "https://registry.yarnpkg.com/ansi-styles/-/ansi-styles-3.2.1.tgz#41fbb20243e50b12be0f04b8dedbf07520ce841d"
  integrity sha512-VT0ZI6kZRdTh8YyJw3SMbYm/u+NqfsAxEpWO0Pf9sq8/e94WxxOpPKx9FR1FlyCtOVDNOQ+8ntlqFxiRc+r5qA==
  dependencies:
    color-convert "^1.9.0"

any-promise@^1.0.0, any-promise@^1.1.0:
  version "1.3.0"
  resolved "https://registry.yarnpkg.com/any-promise/-/any-promise-1.3.0.tgz#abc6afeedcea52e809cdc0376aed3ce39635d17f"
  integrity sha1-q8av7tzqUugJzcA3au0845Y10X8=

array-back@^3.0.1:
  version "3.1.0"
  resolved "https://registry.yarnpkg.com/array-back/-/array-back-3.1.0.tgz#b8859d7a508871c9a7b2cf42f99428f65e96bfb0"
  integrity sha512-TkuxA4UCOvxuDK6NZYXCalszEzj+TLszyASooky+i742l9TqsOdYCMJJupxRic61hwquNtppB3hgcuq9SVSH1Q==

array-back@^4.0.0, array-back@^4.0.1:
  version "4.0.1"
  resolved "https://registry.yarnpkg.com/array-back/-/array-back-4.0.1.tgz#9b80312935a52062e1a233a9c7abeb5481b30e90"
  integrity sha512-Z/JnaVEXv+A9xabHzN43FiiiWEE7gPCRXMrVmRm00tWbjZRul1iHm7ECzlyNq1p4a4ATXz+G9FJ3GqGOkOV3fg==

basic-auth@^2.0.1, basic-auth@~2.0.1:
  version "2.0.1"
  resolved "https://registry.yarnpkg.com/basic-auth/-/basic-auth-2.0.1.tgz#b998279bf47ce38344b4f3cf916d4679bbf51e3a"
  integrity sha512-NF+epuEdnUYVlGuhaxbbq+dvJttwLnGY+YixlXlME5KpQ5W3CnXA5cVTneY3SPbPDRkcjMbifrwmFYcClgOZeg==
  dependencies:
    safe-buffer "5.1.2"

batch@0.6.1:
  version "0.6.1"
  resolved "https://registry.yarnpkg.com/batch/-/batch-0.6.1.tgz#dc34314f4e679318093fc760272525f94bf25c16"
  integrity sha1-3DQxT05nkxgJP8dgJyUl+UvyXBY=

byte-size@^6.2.0:
  version "6.2.0"
  resolved "https://registry.yarnpkg.com/byte-size/-/byte-size-6.2.0.tgz#39fd52adedbbf7e8c3b3f7dea05e441549375c28"
  integrity sha512-6EspYUCAPMc7E2rltBgKwhG+Cmk0pDm9zDtF1Awe2dczNUL3YpZ8mTs/dueOTS1hqGWBOatqef4jYMGjln7WmA==

bytes@3.1.0, bytes@^3.0.0:
  version "3.1.0"
  resolved "https://registry.yarnpkg.com/bytes/-/bytes-3.1.0.tgz#f6cf7933a360e0588fa9fde85651cdc7f805d1f6"
  integrity sha512-zauLjrfCG+xvoyaqLoV8bLVXXNGC4JqlxFCutSDWA6fJrTo2ZuvLYTqZ7aHBLZSMOopbzwv8f+wZcVzfVTI2Dg==

cache-content-type@^1.0.0:
  version "1.0.1"
  resolved "https://registry.yarnpkg.com/cache-content-type/-/cache-content-type-1.0.1.tgz#035cde2b08ee2129f4a8315ea8f00a00dba1453c"
  integrity sha512-IKufZ1o4Ut42YUrZSo8+qnMTrFuKkvyoLXUywKz9GJ5BrhOFGhLdkx9sG4KAnVvbY6kEcSFjLQul+DVmBm2bgA==
  dependencies:
    mime-types "^2.1.18"
    ylru "^1.2.0"

chalk@^2.4.2:
  version "2.4.2"
  resolved "https://registry.yarnpkg.com/chalk/-/chalk-2.4.2.tgz#cd42541677a54333cf541a49108c1432b44c9424"
  integrity sha512-Mti+f9lpJNcwF4tWV8/OrTTtF1gZi+f8FqlyAdouralcFWFQWF2+NgCHShjkCb+IFBLq9buZwE1xckQU4peSuQ==
  dependencies:
    ansi-styles "^3.2.1"
    escape-string-regexp "^1.0.5"
    supports-color "^5.3.0"

co-body@^6.0.0:
  version "6.1.0"
  resolved "https://registry.yarnpkg.com/co-body/-/co-body-6.1.0.tgz#d87a8efc3564f9bfe3aced8ef5cd04c7a8766547"
  integrity sha512-m7pOT6CdLN7FuXUcpuz/8lfQ/L77x8SchHCF4G0RBTJO20Wzmhn5Sp4/5WsKy8OSpifBSUrmg83qEqaDHdyFuQ==
  dependencies:
    inflation "^2.0.0"
    qs "^6.5.2"
    raw-body "^2.3.3"
    type-is "^1.6.16"

co@^4.6.0:
  version "4.6.0"
  resolved "https://registry.yarnpkg.com/co/-/co-4.6.0.tgz#6ea6bdf3d853ae54ccb8e47bfa0bf3f9031fb184"
  integrity sha1-bqa989hTrlTMuOR7+gvz+QMfsYQ=

color-convert@^1.9.0:
  version "1.9.3"
  resolved "https://registry.yarnpkg.com/color-convert/-/color-convert-1.9.3.tgz#bb71850690e1f136567de629d2d5471deda4c1e8"
  integrity sha512-QfAUtd+vFdAtFQcC8CCyYt1fYWxSqAiK2cSD6zDB8N3cpsEBAvRxp9zOGg6G/SHHJYAT88/az/IuDGALsNVbGg==
  dependencies:
    color-name "1.1.3"

color-name@1.1.3:
  version "1.1.3"
  resolved "https://registry.yarnpkg.com/color-name/-/color-name-1.1.3.tgz#a7d0558bd89c42f795dd42328f740831ca53bc25"
  integrity sha1-p9BVi9icQveV3UIyj3QIMcpTvCU=

command-line-args@^5.1.1:
  version "5.1.1"
  resolved "https://registry.yarnpkg.com/command-line-args/-/command-line-args-5.1.1.tgz#88e793e5bb3ceb30754a86863f0401ac92fd369a"
  integrity sha512-hL/eG8lrll1Qy1ezvkant+trihbGnaKaeEjj6Scyr3DN+RC7iQ5Rz84IeLERfAWDGo0HBSNAakczwgCilDXnWg==
  dependencies:
    array-back "^3.0.1"
    find-replace "^3.0.0"
    lodash.camelcase "^4.3.0"
    typical "^4.0.0"

command-line-usage@^6.1.0:
  version "6.1.1"
  resolved "https://registry.yarnpkg.com/command-line-usage/-/command-line-usage-6.1.1.tgz#c908e28686108917758a49f45efb4f02f76bc03f"
  integrity sha512-F59pEuAR9o1SF/bD0dQBDluhpT4jJQNWUHEuVBqpDmCUo6gPjCi+m9fCWnWZVR/oG6cMTUms4h+3NPl74wGXvA==
  dependencies:
    array-back "^4.0.1"
    chalk "^2.4.2"
    table-layout "^1.0.1"
    typical "^5.2.0"

common-log-format@^1.0.0:
  version "1.0.0"
  resolved "https://registry.yarnpkg.com/common-log-format/-/common-log-format-1.0.0.tgz#0ecfb959ca637b44a9c3e6e08a3bee3e9db67f3f"
  integrity sha512-fFn/WPNbsTCGTTwdCpZfVZSa5mgqMEkA0gMTRApFSlEsYN+9B2FPfiqch5FT+jsv5IV1RHV3GeZvCa7Qg+jssw==

compressible@^2.0.0:
  version "2.0.18"
  resolved "https://registry.yarnpkg.com/compressible/-/compressible-2.0.18.tgz#af53cca6b070d4c3c0750fbd77286a6d7cc46fba"
  integrity sha512-AF3r7P5dWxL8MxyITRMlORQNaOA2IkAFaTr4k7BUumjPtRpGDTZpl0Pb1XCO6JeDCBdp126Cgs9sMxqSjgYyRg==
  dependencies:
    mime-db ">= 1.43.0 < 2"

content-disposition@~0.5.2:
  version "0.5.3"
  resolved "https://registry.yarnpkg.com/content-disposition/-/content-disposition-0.5.3.tgz#e130caf7e7279087c5616c2007d0485698984fbd"
  integrity sha512-ExO0774ikEObIAEV9kDo50o+79VCUdEB6n6lzKgGwupcVeRlhrj3qGAfwq8G6uBJjkqLrhT0qEYFcWng8z1z0g==
  dependencies:
    safe-buffer "5.1.2"

content-type@^1.0.4:
  version "1.0.4"
  resolved "https://registry.yarnpkg.com/content-type/-/content-type-1.0.4.tgz#e138cc75e040c727b1966fe5e5f8c9aee256fe3b"
  integrity sha512-hIP3EEPs8tB9AT1L+NUqtwOAps4mk2Zob89MWXMHjHWg9milF/j4osnnQLXBCBFBk/tvIG/tUc9mOUJiPBhPXA==

cookies@~0.8.0:
  version "0.8.0"
  resolved "https://registry.yarnpkg.com/cookies/-/cookies-0.8.0.tgz#1293ce4b391740a8406e3c9870e828c4b54f3f90"
  integrity sha512-8aPsApQfebXnuI+537McwYsDtjVxGm8gTIzQI3FDW6t5t/DAhERxtnbEPN/8RX+uZthoz4eCOgloXaE5cYyNow==
  dependencies:
    depd "~2.0.0"
    keygrip "~1.1.0"

copy-to@^2.0.1:
  version "2.0.1"
  resolved "https://registry.yarnpkg.com/copy-to/-/copy-to-2.0.1.tgz#2680fbb8068a48d08656b6098092bdafc906f4a5"
  integrity sha1-JoD7uAaKSNCGVrYJgJK9r8kG9KU=

core-util-is@~1.0.0:
  version "1.0.2"
  resolved "https://registry.yarnpkg.com/core-util-is/-/core-util-is-1.0.2.tgz#b5fd54220aa2bc5ab57aab7140c940754503c1a7"
  integrity sha1-tf1UIgqivFq1eqtxQMlAdUUDwac=

create-mixin@^3.0.0:
  version "3.0.0"
  resolved "https://registry.yarnpkg.com/create-mixin/-/create-mixin-3.0.0.tgz#11d0f4878f5c6f41230f4c8f7d72b7255258217c"
  integrity sha512-LkdMqnWT9LaqBN4huqpUnMz56Yr1mVSoCduAd2xXefgH/YZP2sXCMAyztXjk4q8hTF/TlcDa+zQW2aTgGdjjKQ==

debug@*, debug@4, debug@^4.1.1:
  version "4.2.0"
  resolved "https://registry.yarnpkg.com/debug/-/debug-4.2.0.tgz#7f150f93920e94c58f5574c2fd01a3110effe7f1"
  integrity sha512-IX2ncY78vDTjZMFUdmsvIRFY2Cf4FnD0wRs+nQwJU8Lu99/tPFdb0VybiiMTPe3I6rQmwsqQqRBvxU+bZ/I8sg==
  dependencies:
    ms "2.1.2"

debug@2.6.9:
  version "2.6.9"
  resolved "https://registry.yarnpkg.com/debug/-/debug-2.6.9.tgz#5d128515df134ff327e90a4c93f4e077a536341f"
  integrity sha512-bC7ElrdJaJnPbAP+1EotYvqZsb3ecl5wi6Bfi6BJTUcNowp6cvspg0jXznRTKDjm/E7AdgFBVeAPVMNcKGsHMA==
  dependencies:
    ms "2.0.0"

debug@^3.1.0:
  version "3.2.6"
  resolved "https://registry.yarnpkg.com/debug/-/debug-3.2.6.tgz#e83d17de16d8a7efb7717edbe5fb10135eee629b"
  integrity sha512-mel+jf7nrtEl5Pn1Qx46zARXKDpBbvzezse7p7LqINmdoIk8PYP5SySaxEmYv6TZ0JyEKA1hsCId6DIhgITtWQ==
  dependencies:
    ms "^2.1.1"

debug@~3.1.0:
  version "3.1.0"
  resolved "https://registry.yarnpkg.com/debug/-/debug-3.1.0.tgz#5bb5a0672628b64149566ba16819e61518c67261"
  integrity sha512-OX8XqP7/1a9cqkxYw2yXss15f26NKWBpDXQd0/uK/KPqdQhxbPa994hnzjcE2VqQpDslf55723cKPUOGSmMY3g==
  dependencies:
    ms "2.0.0"

deep-equal@~1.0.1:
  version "1.0.1"
  resolved "https://registry.yarnpkg.com/deep-equal/-/deep-equal-1.0.1.tgz#f5d260292b660e084eff4cdbc9f08ad3247448b5"
  integrity sha1-9dJgKStmDghO/0zbyfCK0yR0SLU=

deep-extend@~0.6.0:
  version "0.6.0"
  resolved "https://registry.yarnpkg.com/deep-extend/-/deep-extend-0.6.0.tgz#c4fa7c95404a17a9c3e8ca7e1537312b736330ac"
  integrity sha512-LOHxIOaPYdHlJRtCQfDIVZtfw/ufM8+rVj649RIHzcm/vGwQRXFt6OPqIFWsm2XEMrNIEtWR64sY1LEKD2vAOA==

delegates@^1.0.0:
  version "1.0.0"
  resolved "https://registry.yarnpkg.com/delegates/-/delegates-1.0.0.tgz#84c6e159b81904fdca59a0ef44cd870d31250f9a"
  integrity sha1-hMbhWbgZBP3KWaDvRM2HDTElD5o=

depd@^1.1.2, depd@~1.1.2:
  version "1.1.2"
  resolved "https://registry.yarnpkg.com/depd/-/depd-1.1.2.tgz#9bcd52e14c097763e749b274c4346ed2e560b5a9"
  integrity sha1-m81S4UwJd2PnSbJ0xDRu0uVgtak=

depd@~2.0.0:
  version "2.0.0"
  resolved "https://registry.yarnpkg.com/depd/-/depd-2.0.0.tgz#b696163cc757560d09cf22cc8fad1571b79e76df"
  integrity sha512-g7nH6P6dyDioJogAAGprGpCtVImJhpPk/roCzdb3fIh61/s/nPsfR6onyMwkCAR/OlC3yBC0lESvUoQEAssIrw==

destroy@^1.0.4:
  version "1.0.4"
  resolved "https://registry.yarnpkg.com/destroy/-/destroy-1.0.4.tgz#978857442c44749e4206613e37946205826abd80"
  integrity sha1-l4hXRCxEdJ5CBmE+N5RiBYJqvYA=

ee-first@1.1.1:
  version "1.1.1"
  resolved "https://registry.yarnpkg.com/ee-first/-/ee-first-1.1.1.tgz#590c61156b0ae2f4f0255732a158b266bc56b21d"
  integrity sha1-WQxhFWsK4vTwJVcyoViyZrxWsh0=

encodeurl@^1.0.2:
  version "1.0.2"
  resolved "https://registry.yarnpkg.com/encodeurl/-/encodeurl-1.0.2.tgz#ad3ff4c86ec2d029322f5a02c3a9a606c95b3f59"
  integrity sha1-rT/0yG7C0CkyL1oCw6mmBslbP1k=

escape-html@^1.0.3, escape-html@~1.0.3:
  version "1.0.3"
  resolved "https://registry.yarnpkg.com/escape-html/-/escape-html-1.0.3.tgz#0258eae4d3d0c0974de1c169188ef0051d1d1988"
  integrity sha1-Aljq5NPQwJdN4cFpGI7wBR0dGYg=

escape-string-regexp@^1.0.5:
  version "1.0.5"
  resolved "https://registry.yarnpkg.com/escape-string-regexp/-/escape-string-regexp-1.0.5.tgz#1b61c0562190a8dff6ae3bb2cf0200ca130b86d4"
  integrity sha1-G2HAViGQqN/2rjuyzwIAyhMLhtQ=

etag@^1.3.0:
  version "1.8.1"
  resolved "https://registry.yarnpkg.com/etag/-/etag-1.8.1.tgz#41ae2eeb65efa62268aebfea83ac7d79299b0887"
  integrity sha1-Qa4u62XvpiJorr/qg6x9eSmbCIc=

find-replace@^3.0.0:
  version "3.0.0"
  resolved "https://registry.yarnpkg.com/find-replace/-/find-replace-3.0.0.tgz#3e7e23d3b05167a76f770c9fbd5258b0def68c38"
  integrity sha512-6Tb2myMioCAgv5kfvP5/PkZZ/ntTpVK39fHY7WkWBgvbeE+VHd/tZuZ4mrC+bxh4cfOZeYKVPaJIZtZXV7GNCQ==
  dependencies:
    array-back "^3.0.1"

fresh@~0.5.2:
  version "0.5.2"
  resolved "https://registry.yarnpkg.com/fresh/-/fresh-0.5.2.tgz#3d8cadd90d976569fa835ab1f8e4b23a105605a7"
  integrity sha1-PYyt2Q2XZWn6g1qx+OSyOhBWBac=

has-flag@^3.0.0:
  version "3.0.0"
  resolved "https://registry.yarnpkg.com/has-flag/-/has-flag-3.0.0.tgz#b5d454dc2199ae225699f3467e5a07f3b955bafd"
  integrity sha1-tdRU3CGZriJWmfNGfloH87lVuv0=

http-assert@^1.3.0:
  version "1.4.1"
  resolved "https://registry.yarnpkg.com/http-assert/-/http-assert-1.4.1.tgz#c5f725d677aa7e873ef736199b89686cceb37878"
  integrity sha512-rdw7q6GTlibqVVbXr0CKelfV5iY8G2HqEUkhSk297BMbSpSL8crXC+9rjKoMcZZEsksX30le6f/4ul4E28gegw==
  dependencies:
    deep-equal "~1.0.1"
    http-errors "~1.7.2"

http-errors@1.7.3, http-errors@~1.7.2:
  version "1.7.3"
  resolved "https://registry.yarnpkg.com/http-errors/-/http-errors-1.7.3.tgz#6c619e4f9c60308c38519498c14fbb10aacebb06"
  integrity sha512-ZTTX0MWrsQ2ZAhA1cejAwDLycFsd7I7nVtnkT3Ol0aqodaKW+0CTZDQ1uBv5whptCnc8e8HeRRJxRs0kmm/Qfw==
  dependencies:
    depd "~1.1.2"
    inherits "2.0.4"
    setprototypeof "1.1.1"
    statuses ">= 1.5.0 < 2"
    toidentifier "1.0.0"

http-errors@^1.6.3, http-errors@^1.7.3:
  version "1.8.0"
  resolved "https://registry.yarnpkg.com/http-errors/-/http-errors-1.8.0.tgz#75d1bbe497e1044f51e4ee9e704a62f28d336507"
  integrity sha512-4I8r0C5JDhT5VkvI47QktDW75rNlGVsUf/8hzjCC/wkWI/jdTRmBb9aI7erSG82r1bjKY3F6k28WnsVxB1C73A==
  dependencies:
    depd "~1.1.2"
    inherits "2.0.4"
    setprototypeof "1.2.0"
    statuses ">= 1.5.0 < 2"
    toidentifier "1.0.0"

http-errors@~1.6.2:
  version "1.6.3"
  resolved "https://registry.yarnpkg.com/http-errors/-/http-errors-1.6.3.tgz#8b55680bb4be283a0b5bf4ea2e38580be1d9320d"
  integrity sha1-i1VoC7S+KDoLW/TqLjhYC+HZMg0=
  dependencies:
    depd "~1.1.2"
    inherits "2.0.3"
    setprototypeof "1.1.0"
    statuses ">= 1.4.0 < 2"

http-proxy-agent@^4.0.1:
  version "4.0.1"
  resolved "https://registry.yarnpkg.com/http-proxy-agent/-/http-proxy-agent-4.0.1.tgz#8a8c8ef7f5932ccf953c296ca8291b95aa74aa3a"
  integrity sha512-k0zdNgqWTGA6aeIRVpvfVob4fL52dTfaehylg0Y4UvSySvOq/Y+BOyPrgpUrA7HylqvU8vIZGsRuXmspskV0Tg==
  dependencies:
    "@tootallnate/once" "1"
    agent-base "6"
    debug "4"

https-proxy-agent@^5.0.0:
  version "5.0.0"
  resolved "https://registry.yarnpkg.com/https-proxy-agent/-/https-proxy-agent-5.0.0.tgz#e2a90542abb68a762e0a0850f6c9edadfd8506b2"
  integrity sha512-EkYm5BcKUGiduxzSt3Eppko+PiNWNEpa4ySk9vTC6wDsQJW9rHSa+UhGNJoRYp7bz6Ht1eaRIa6QaJqO5rCFbA==
  dependencies:
    agent-base "6"
    debug "4"

iconv-lite@0.4.24:
  version "0.4.24"
  resolved "https://registry.yarnpkg.com/iconv-lite/-/iconv-lite-0.4.24.tgz#2022b4b25fbddc21d2f524974a474aafe733908b"
  integrity sha512-v3MXnZAcvnywkTUEZomIActle7RXXeedOR31wwl7VlyoXO4Qi9arvSenNQWne1TcRwhCL1HwLI21bEqdpj8/rA==
  dependencies:
    safer-buffer ">= 2.1.2 < 3"

inflation@^2.0.0:
  version "2.0.0"
  resolved "https://registry.yarnpkg.com/inflation/-/inflation-2.0.0.tgz#8b417e47c28f925a45133d914ca1fd389107f30f"
  integrity sha1-i0F+R8KPklpFEz2RTKH9OJEH8w8=

inherits@2.0.3:
  version "2.0.3"
  resolved "https://registry.yarnpkg.com/inherits/-/inherits-2.0.3.tgz#633c2c83e3da42a502f52466022480f4208261de"
  integrity sha1-Yzwsg+PaQqUC9SRmAiSA9CCCYd4=

inherits@2.0.4, inherits@~2.0.3:
  version "2.0.4"
  resolved "https://registry.yarnpkg.com/inherits/-/inherits-2.0.4.tgz#0fa2c64f932917c3433a0ded55363aae37416b7c"
  integrity sha512-k/vGaX4/Yla3WzyMCvTQOXYeIHvqOKtnqBduzTHpzpQZzAskKMhZ2K+EnBiSM9zGSoIFeMpXKxa4dYeZIQqewQ==

is-docker@^2.0.0:
  version "2.1.1"
  resolved "https://registry.yarnpkg.com/is-docker/-/is-docker-2.1.1.tgz#4125a88e44e450d384e09047ede71adc2d144156"
  integrity sha512-ZOoqiXfEwtGknTiuDEy8pN2CfE3TxMHprvNer1mXiqwkOT77Rw3YVrUQ52EqAOU3QAWDQ+bQdx7HJzrv7LS2Hw==

is-generator-function@^1.0.7:
  version "1.0.7"
  resolved "https://registry.yarnpkg.com/is-generator-function/-/is-generator-function-1.0.7.tgz#d2132e529bb0000a7f80794d4bdf5cd5e5813522"
  integrity sha512-YZc5EwyO4f2kWCax7oegfuSr9mFz1ZvieNYBEjmukLxgXfBUbxAWGVF7GZf0zidYtoBl3WvC07YK0wT76a+Rtw==

is-wsl@^2.1.1:
  version "2.2.0"
  resolved "https://registry.yarnpkg.com/is-wsl/-/is-wsl-2.2.0.tgz#74a4c76e77ca9fd3f932f290c17ea326cd157271"
  integrity sha512-fKzAra0rGJUUBwGBgNkHZuToZcn+TtXHpeCgmkMJMMYx1sQDYaCSyjJBSCa2nH1DGm7s3n1oBnohoVTBaN7Lww==
  dependencies:
    is-docker "^2.0.0"

isarray@0.0.1:
  version "0.0.1"
  resolved "https://registry.yarnpkg.com/isarray/-/isarray-0.0.1.tgz#8a18acfca9a8f4177e09abfc6038939b05d1eedf"
  integrity sha1-ihis/Kmo9Bd+Cav8YDiTmwXR7t8=

isarray@~1.0.0:
  version "1.0.0"
  resolved "https://registry.yarnpkg.com/isarray/-/isarray-1.0.0.tgz#bb935d48582cba168c06834957a54a3e07124f11"
  integrity sha1-u5NdSFgsuhaMBoNJV6VKPgcSTxE=

json-stringify-safe@5:
  version "5.0.1"
  resolved "https://registry.yarnpkg.com/json-stringify-safe/-/json-stringify-safe-5.0.1.tgz#1296a2d58fd45f19a0f6ce01d65701e2c735b6eb"
  integrity sha1-Epai1Y/UXxmg9s4B1lcB4sc1tus=

jsonparse@^1.2.0:
  version "1.3.1"
  resolved "https://registry.yarnpkg.com/jsonparse/-/jsonparse-1.3.1.tgz#3f4dae4a91fac315f71062f8521cc239f1366280"
  integrity sha1-P02uSpH6wxX3EGL4UhzCOfE2YoA=

keygrip@~1.1.0:
  version "1.1.0"
  resolved "https://registry.yarnpkg.com/keygrip/-/keygrip-1.1.0.tgz#871b1681d5e159c62a445b0c74b615e0917e7226"
  integrity sha512-iYSchDJ+liQ8iwbSI2QqsQOvqv58eJCEanyJPJi+Khyu8smkcKSFUCbPwzFcL7YVtZ6eONjqRX/38caJ7QjRAQ==
  dependencies:
    tsscmp "1.0.6"

koa-bodyparser@^4.2.1:
  version "4.3.0"
  resolved "https://registry.yarnpkg.com/koa-bodyparser/-/koa-bodyparser-4.3.0.tgz#274c778555ff48fa221ee7f36a9fbdbace22759a"
  integrity sha512-uyV8G29KAGwZc4q/0WUAjH+Tsmuv9ImfBUF2oZVyZtaeo0husInagyn/JH85xMSxM0hEk/mbCII5ubLDuqW/Rw==
  dependencies:
    co-body "^6.0.0"
    copy-to "^2.0.1"

koa-compose@^3.0.0:
  version "3.2.1"
  resolved "https://registry.yarnpkg.com/koa-compose/-/koa-compose-3.2.1.tgz#a85ccb40b7d986d8e5a345b3a1ace8eabcf54de7"
  integrity sha1-qFzLQLfZhtjlo0Wzoazo6rz1Tec=
  dependencies:
    any-promise "^1.1.0"

koa-compose@^4.1.0:
  version "4.1.0"
  resolved "https://registry.yarnpkg.com/koa-compose/-/koa-compose-4.1.0.tgz#507306b9371901db41121c812e923d0d67d3e877"
  integrity sha512-8ODW8TrDuMYvXRwra/Kh7/rJo9BtOfPc6qO8eAfC80CnCvSjSl0bkRM24X6/XBBEyj0v1nRUQ1LyOy3dbqOWXw==

koa-compress@^3.0.0:
  version "3.1.0"
  resolved "https://registry.yarnpkg.com/koa-compress/-/koa-compress-3.1.0.tgz#00fb0af695dc4661c6de261a18da669626ea3ca1"
  integrity sha512-0m24/yS/GbhWI+g9FqtvStY+yJwTObwoxOvPok6itVjRen7PBWkjsJ8pre76m+99YybXLKhOJ62mJ268qyBFMQ==
  dependencies:
    bytes "^3.0.0"
    compressible "^2.0.0"
    koa-is-json "^1.0.0"
    statuses "^1.0.0"

koa-conditional-get@^2.0.0:
  version "2.0.0"
  resolved "https://registry.yarnpkg.com/koa-conditional-get/-/koa-conditional-get-2.0.0.tgz#a43f3723c1d014b730a34ece8adf30b93c8233f2"
  integrity sha1-pD83I8HQFLcwo07Oit8wuTyCM/I=

koa-convert@^1.2.0:
  version "1.2.0"
  resolved "https://registry.yarnpkg.com/koa-convert/-/koa-convert-1.2.0.tgz#da40875df49de0539098d1700b50820cebcd21d0"
  integrity sha1-2kCHXfSd4FOQmNFwC1CCDOvNIdA=
  dependencies:
    co "^4.6.0"
    koa-compose "^3.0.0"

koa-etag@^3.0.0:
  version "3.0.0"
  resolved "https://registry.yarnpkg.com/koa-etag/-/koa-etag-3.0.0.tgz#9ef7382ddd5a82ab0deb153415c915836f771d3f"
  integrity sha1-nvc4Ld1agqsN6xU0FckVg293HT8=
  dependencies:
    etag "^1.3.0"
    mz "^2.1.0"

koa-is-json@1, koa-is-json@^1.0.0:
  version "1.0.0"
  resolved "https://registry.yarnpkg.com/koa-is-json/-/koa-is-json-1.0.0.tgz#273c07edcdcb8df6a2c1ab7d59ee76491451ec14"
  integrity sha1-JzwH7c3Ljfaiwat9We52SRRR7BQ=

koa-json@^2.0.2:
  version "2.0.2"
  resolved "https://registry.yarnpkg.com/koa-json/-/koa-json-2.0.2.tgz#36af14e6ea1f5d646d7c44a285701c6f85a4fde4"
  integrity sha1-Nq8U5uofXWRtfESihXAcb4Wk/eQ=
  dependencies:
    koa-is-json "1"
    streaming-json-stringify "3"

koa-morgan@^1.0.1:
  version "1.0.1"
  resolved "https://registry.yarnpkg.com/koa-morgan/-/koa-morgan-1.0.1.tgz#08052e0ce0d839d3c43178b90a5bb3424bef1f99"
  integrity sha1-CAUuDODYOdPEMXi5CluzQkvvH5k=
  dependencies:
    morgan "^1.6.1"

koa-range@^0.3.0:
  version "0.3.0"
  resolved "https://registry.yarnpkg.com/koa-range/-/koa-range-0.3.0.tgz#3588e3496473a839a1bd264d2a42b1d85bd7feac"
  integrity sha1-NYjjSWRzqDmhvSZNKkKx2FvX/qw=
  dependencies:
    stream-slice "^0.1.2"

koa-route@^3.2.0:
  version "3.2.0"
  resolved "https://registry.yarnpkg.com/koa-route/-/koa-route-3.2.0.tgz#76298b99a6bcfa9e38cab6fe5c79a8733e758bce"
  integrity sha1-dimLmaa8+p44yrb+XHmocz51i84=
  dependencies:
    debug "*"
    methods "~1.1.0"
    path-to-regexp "^1.2.0"

koa-send@^5.0.0:
  version "5.0.1"
  resolved "https://registry.yarnpkg.com/koa-send/-/koa-send-5.0.1.tgz#39dceebfafb395d0d60beaffba3a70b4f543fe79"
  integrity sha512-tmcyQ/wXXuxpDxyNXv5yNNkdAMdFRqwtegBXUaowiQzUKqJehttS0x2j0eOZDQAyloAth5w6wwBImnFzkUz3pQ==
  dependencies:
    debug "^4.1.1"
    http-errors "^1.7.3"
    resolve-path "^1.4.0"

koa-static@^5.0.0:
  version "5.0.0"
  resolved "https://registry.yarnpkg.com/koa-static/-/koa-static-5.0.0.tgz#5e92fc96b537ad5219f425319c95b64772776943"
  integrity sha512-UqyYyH5YEXaJrf9S8E23GoJFQZXkBVJ9zYYMPGz919MSX1KuvAcycIuS0ci150HCoPf4XQVhQ84Qf8xRPWxFaQ==
  dependencies:
    debug "^3.1.0"
    koa-send "^5.0.0"

koa@^2.11.0:
  version "2.13.0"
  resolved "https://registry.yarnpkg.com/koa/-/koa-2.13.0.tgz#25217e05efd3358a7e5ddec00f0a380c9b71b501"
  integrity sha512-i/XJVOfPw7npbMv67+bOeXr3gPqOAw6uh5wFyNs3QvJ47tUx3M3V9rIE0//WytY42MKz4l/MXKyGkQ2LQTfLUQ==
  dependencies:
    accepts "^1.3.5"
    cache-content-type "^1.0.0"
    content-disposition "~0.5.2"
    content-type "^1.0.4"
    cookies "~0.8.0"
    debug "~3.1.0"
    delegates "^1.0.0"
    depd "^1.1.2"
    destroy "^1.0.4"
    encodeurl "^1.0.2"
    escape-html "^1.0.3"
    fresh "~0.5.2"
    http-assert "^1.3.0"
    http-errors "^1.6.3"
    is-generator-function "^1.0.7"
    koa-compose "^4.1.0"
    koa-convert "^1.2.0"
    on-finished "^2.3.0"
    only "~0.0.2"
    parseurl "^1.3.2"
    statuses "^1.5.0"
    type-is "^1.6.16"
    vary "^1.1.2"

load-module@^3.0.0:
  version "3.0.0"
  resolved "https://registry.yarnpkg.com/load-module/-/load-module-3.0.0.tgz#aeb73b13eb9c5c7e89cc5cebd1164f72f8f874b5"
  integrity sha512-ZqprfrTx4vfH5+1mgpspPh5JYsNyA193NkMUdb3GwpmVqMczOh8cUDJgZBmEZVlSR42JBGYTUxlBAX9LHIBtIA==
  dependencies:
    array-back "^4.0.1"

local-web-server@^4.2.1:
  version "4.2.1"
  resolved "https://registry.yarnpkg.com/local-web-server/-/local-web-server-4.2.1.tgz#61e6d3357fee37cb90e34302578e7159f771db3d"
  integrity sha512-v71LZool2w7uYA+tDP5HhfjzUxz5SFfcrPPB/zC98yFFawt7A6fcmAr2MR4Q9AHk/A8oyd/wrhEJBJLndwHxNQ==
  dependencies:
    lws "^3.1.0"
    lws-basic-auth "^2.0.0"
    lws-blacklist "^3.0.0"
    lws-body-parser "^2.0.0"
    lws-compress "^2.0.0"
    lws-conditional-get "^2.0.0"
    lws-cors "^3.0.0"
    lws-index "^2.0.0"
    lws-json "^2.0.0"
    lws-log "^2.0.0"
    lws-mime "^2.0.0"
    lws-range "^3.0.0"
    lws-request-monitor "^2.0.0"
    lws-rewrite "^3.1.1"
    lws-spa "^3.0.0"
    lws-static "^2.0.0"
    node-version-matches "^2.0.1"

lodash.assignwith@^4.2.0:
  version "4.2.0"
  resolved "https://registry.yarnpkg.com/lodash.assignwith/-/lodash.assignwith-4.2.0.tgz#127a97f02adc41751a954d24b0de17e100e038eb"
  integrity sha1-EnqX8CrcQXUalU0ksN4X4QDgOOs=

lodash.camelcase@^4.3.0:
  version "4.3.0"
  resolved "https://registry.yarnpkg.com/lodash.camelcase/-/lodash.camelcase-4.3.0.tgz#b28aa6288a2b9fc651035c7711f65ab6190331a6"
  integrity sha1-soqmKIorn8ZRA1x3EfZathkDMaY=

lodash.throttle@^4.1.1:
  version "4.1.1"
  resolved "https://registry.yarnpkg.com/lodash.throttle/-/lodash.throttle-4.1.1.tgz#c23e91b710242ac70c37f1e1cda9274cc39bf2f4"
  integrity sha1-wj6RtxAkKscMN/HhzaknTMOb8vQ=

lws-basic-auth@^2.0.0:
  version "2.0.0"
  resolved "https://registry.yarnpkg.com/lws-basic-auth/-/lws-basic-auth-2.0.0.tgz#5ce233b69bfe050a5a1da99a67c497e5030d02bc"
  integrity sha512-zzyoGFLQPuKaQJvHMLmmSyfT6lIvocwcDXllTVW5brD0t0YgHYopILkzja+x+MIlJX/YhNKniaTSasujniYVjw==
  dependencies:
    basic-auth "^2.0.1"

lws-blacklist@^3.0.0:
  version "3.0.0"
  resolved "https://registry.yarnpkg.com/lws-blacklist/-/lws-blacklist-3.0.0.tgz#4deb1334eb6eb808de901ac9fd06da6a22c540b0"
  integrity sha512-KNXGDBmbj+UGfWMBAefe2vrfuWpEQms/9Fd7kfMScTqAKF6nrVoEs4pkxfefArG3bX0bu7jWLyB4tJGma5WC6Q==
  dependencies:
    array-back "^4.0.1"
    path-to-regexp "^6.1.0"

lws-body-parser@^2.0.0:
  version "2.0.0"
  resolved "https://registry.yarnpkg.com/lws-body-parser/-/lws-body-parser-2.0.0.tgz#f30bcd2aa4c5abd602c65b867fefb6434fb9e057"
  integrity sha512-QFDzln3sSdKWL9fVNWy2+ZmrKy/XaYRO0/FFB0MBrDCsNnzepeCD4I7rOOfyuphLn42yR8XUpWdcJ3Ii5aauRA==
  dependencies:
    koa-bodyparser "^4.2.1"

lws-compress@^2.0.0:
  version "2.0.0"
  resolved "https://registry.yarnpkg.com/lws-compress/-/lws-compress-2.0.0.tgz#230842ff1441b218d35f3c423f8c84eb7ba555c5"
  integrity sha512-5qDXI9pukVYWm07WjAOfpItLXKtL8lCHvjmW4RiXULhTRJj1qqBjNcmqReyk8L7NLUKhc+8eqoDDJFKURQEp0w==
  dependencies:
    koa-compress "^3.0.0"

lws-conditional-get@^2.0.0:
  version "2.0.0"
  resolved "https://registry.yarnpkg.com/lws-conditional-get/-/lws-conditional-get-2.0.0.tgz#3778660105e89074b0f1f85373fca249624e6103"
  integrity sha512-U05yDlFJKIYa7gJZYfnc1HIEuXbKpDJztgkvNYyxCqJC28j/k9ORoNnFNOIHpBh/jlPJgV8x7uH34mIxFAryWA==
  dependencies:
    koa-conditional-get "^2.0.0"
    koa-etag "^3.0.0"

lws-cors@^3.0.0:
  version "3.0.0"
  resolved "https://registry.yarnpkg.com/lws-cors/-/lws-cors-3.0.0.tgz#a089195fafcd6aac2e816159725a20d3624db738"
  integrity sha512-diUkoyVZyzLB8LamdtUYYAfJdPAyu/+IjE3ZUcdnNQz9koECe4O2x3SWD7LSV43pd3CKgyiwwSxWJ4hTBZFIvQ==
  dependencies:
    "@koa/cors" "^3.0.0"

lws-index@^2.0.0:
  version "2.0.0"
  resolved "https://registry.yarnpkg.com/lws-index/-/lws-index-2.0.0.tgz#a35592f3b36a6e691d7f5ceb449971f4912d3dc1"
  integrity sha512-qfkeQmKYnd13LmQubzI5LtFV2N8PJQG4QvgSoefoiB3dWre9k2T4C7ajjOTKO8mgSzYpUEREduNcQcLyt62n0g==
  dependencies:
    serve-index-75lb "^2.0.1"

lws-json@^2.0.0:
  version "2.0.0"
  resolved "https://registry.yarnpkg.com/lws-json/-/lws-json-2.0.0.tgz#bfb1111e9d06ba104a21f0cf4dbaceea0ed45abe"
  integrity sha512-vqUFrAQ5BGpkMS2Mm/ZhgvUMi6Tgia7YtESG7pKjNoiSsD+TxncG0nqp8YjUh2xrEzi/SYFc/ed+9ZOl/t0A0g==
  dependencies:
    koa-json "^2.0.2"

lws-log@^2.0.0:
  version "2.0.0"
  resolved "https://registry.yarnpkg.com/lws-log/-/lws-log-2.0.0.tgz#f721e143a465e44f66b29c23a53c0e45984748ad"
  integrity sha512-YveoazSZ0Qb1Tljdm8G8yn9c+mAMXgvLMACZzh5aZIk7p8YJwiXf9r1S+xY7wbXEcKG629KfVO0B5G5gRFcyDQ==
  dependencies:
    koa-morgan "^1.0.1"
    stream-log-stats "^3.0.2"

lws-mime@^2.0.0:
  version "2.0.0"
  resolved "https://registry.yarnpkg.com/lws-mime/-/lws-mime-2.0.0.tgz#59bf7ab0b7f68118bfc6b6ada806cfcd203af8d9"
  integrity sha512-mfrAgRQ5+hkQ7LJ6EAgwnUeymNeYxwLXZY3UQ6C2hSTr7BqMSzm9k5O0C8wWP2dzdhChzITYKwzWbUnAYVBwtA==

lws-range@^3.0.0:
  version "3.0.0"
  resolved "https://registry.yarnpkg.com/lws-range/-/lws-range-3.0.0.tgz#25b92111c2a8123912893fe9adcf9615247cf138"
  integrity sha512-7ZhA/LqQnKjolKBo/2BFj9DyDDXcJGY3v05TwYRD0qDGrxW4vuatEjluC3SV7ZO/k4PxDLdxuk+RCgL5t3ThtQ==
  dependencies:
    koa-range "^0.3.0"

lws-request-monitor@^2.0.0:
  version "2.0.0"
  resolved "https://registry.yarnpkg.com/lws-request-monitor/-/lws-request-monitor-2.0.0.tgz#e55ed78a32099d82af72bfe662648bc52230d04c"
  integrity sha512-ZTo0/pS42qiejcYlL+wlpurSbDSS0J7pDDohqBx7jjUQkgni2Qd8cPzn/kW8QI82gXgDmdZH+ps0vheLHlgdgg==
  dependencies:
    byte-size "^6.2.0"

lws-rewrite@^3.1.1:
  version "3.1.1"
  resolved "https://registry.yarnpkg.com/lws-rewrite/-/lws-rewrite-3.1.1.tgz#a65ff3ea8ff6b4c0865129132bdee4346e68b566"
  integrity sha512-cOeaPXIlLUVLxS6BZ52QzZVzI8JjCzlWD4RWizB5Hd+0YGO0SPa3Vgk7CIghtAOsSdjtXg/wSOap2H1h+tw8BQ==
  dependencies:
    array-back "^4.0.1"
    http-proxy-agent "^4.0.1"
    https-proxy-agent "^5.0.0"
    koa-route "^3.2.0"
    path-to-regexp "^6.1.0"

lws-spa@^3.0.0:
  version "3.0.0"
  resolved "https://registry.yarnpkg.com/lws-spa/-/lws-spa-3.0.0.tgz#55381e3f164592f557f2f0efd8d0c323b883cc43"
  integrity sha512-Tz10LfuOTUsRG6z+OCJ/vBN+4LQWoAGIJ1R02CFPrDk0pY3rHezM7/cCpq6Z6dXD+ipdNE8alkVn4zL2M+eVGg==
  dependencies:
    koa-send "^5.0.0"

lws-static@^2.0.0:
  version "2.0.0"
  resolved "https://registry.yarnpkg.com/lws-static/-/lws-static-2.0.0.tgz#9febaa8ef672f6aece910f7f455d18cd4c265a76"
  integrity sha512-P25A0+IXdkB6Y6gZAG7X0mnaa+FJ8aTiWLUgM5kazaWmruRO7lyhSjitsA3y5TLI3DpPCZn0mWE4SRREujUZLg==
  dependencies:
    koa-static "^5.0.0"

lws@^3.1.0:
  version "3.1.0"
  resolved "https://registry.yarnpkg.com/lws/-/lws-3.1.0.tgz#e1e06c2f7229f0c2cc6b399801ef0239dd4906ae"
  integrity sha512-I8rTgZxz8OJL0hjdlDxs6WpcVG7WSyalVHPQXXK+WPNVjm3KhkT5gV0Qmsgm2FRLbRUp15tso80xmDxMsyt7zA==
  dependencies:
    ansi-escape-sequences "^5.1.2"
    array-back "^4.0.1"
    byte-size "^6.2.0"
    command-line-args "^5.1.1"
    command-line-usage "^6.1.0"
    create-mixin "^3.0.0"
    koa "^2.11.0"
    load-module "^3.0.0"
    lodash.assignwith "^4.2.0"
    node-version-matches "^2.0.1"
    open "^7.0.4"
    qrcode-terminal "^0.12.0"
    reduce-flatten "^3.0.0"
    typical "^6.0.0"
    walk-back "^4.0.0"

media-typer@0.3.0:
  version "0.3.0"
  resolved "https://registry.yarnpkg.com/media-typer/-/media-typer-0.3.0.tgz#8710d7af0aa626f8fffa1ce00168545263255748"
  integrity sha1-hxDXrwqmJvj/+hzgAWhUUmMlV0g=

methods@~1.1.0:
  version "1.1.2"
  resolved "https://registry.yarnpkg.com/methods/-/methods-1.1.2.tgz#5529a4d67654134edcc5266656835b0f851afcee"
  integrity sha1-VSmk1nZUE07cxSZmVoNbD4Ua/O4=

mime-db@1.44.0:
  version "1.44.0"
  resolved "https://registry.yarnpkg.com/mime-db/-/mime-db-1.44.0.tgz#fa11c5eb0aca1334b4233cb4d52f10c5a6272f92"
  integrity sha512-/NOTfLrsPBVeH7YtFPgsVWveuL+4SjjYxaQ1xtM1KMFj7HdxlBlxeyNLzhyJVx7r4rZGJAZ/6lkKCitSc/Nmpg==

"mime-db@>= 1.43.0 < 2":
  version "1.45.0"
  resolved "https://registry.yarnpkg.com/mime-db/-/mime-db-1.45.0.tgz#cceeda21ccd7c3a745eba2decd55d4b73e7879ea"
  integrity sha512-CkqLUxUk15hofLoLyljJSrukZi8mAtgd+yE5uO4tqRZsdsAJKv0O+rFMhVDRJgozy+yG6md5KwuXhD4ocIoP+w==

mime-types@^2.1.18, mime-types@~2.1.18, mime-types@~2.1.24:
  version "2.1.27"
  resolved "https://registry.yarnpkg.com/mime-types/-/mime-types-2.1.27.tgz#47949f98e279ea53119f5722e0f34e529bec009f"
  integrity sha512-JIhqnCasI9yD+SsmkquHBxTSEuZdQX5BuQnS2Vc7puQQQ+8yiP5AY5uWhpdv4YL4VM5c6iliiYWPgJ/nJQLp7w==
  dependencies:
    mime-db "1.44.0"

morgan@^1.6.1:
  version "1.10.0"
  resolved "https://registry.yarnpkg.com/morgan/-/morgan-1.10.0.tgz#091778abc1fc47cd3509824653dae1faab6b17d7"
  integrity sha512-AbegBVI4sh6El+1gNwvD5YIck7nSA36weD7xvIxG4in80j/UoK8AEGaWnnz8v1GxonMCltmlNs5ZKbGvl9b1XQ==
  dependencies:
    basic-auth "~2.0.1"
    debug "2.6.9"
    depd "~2.0.0"
    on-finished "~2.3.0"
    on-headers "~1.0.2"

ms@2.0.0:
  version "2.0.0"
  resolved "https://registry.yarnpkg.com/ms/-/ms-2.0.0.tgz#5608aeadfc00be6c2901df5f9861788de0d597c8"
  integrity sha1-VgiurfwAvmwpAd9fmGF4jeDVl8g=

ms@2.1.2, ms@^2.1.1:
  version "2.1.2"
  resolved "https://registry.yarnpkg.com/ms/-/ms-2.1.2.tgz#d09d1f357b443f493382a8eb3ccd183872ae6009"
  integrity sha512-sGkPx+VjMtmA6MX27oA4FBFELFCZZ4S4XqeGOXCv68tT+jb3vk/RyaKWP0PTKyWtmLSM0b+adUTEvbs1PEaH2w==

mz@^2.1.0:
  version "2.7.0"
  resolved "https://registry.yarnpkg.com/mz/-/mz-2.7.0.tgz#95008057a56cafadc2bc63dde7f9ff6955948e32"
  integrity sha512-z81GNO7nnYMEhrGh9LeymoE4+Yr0Wn5McHIZMK5cfQCl+NDX08sCZgUc9/6MHni9IWuFLm1Z3HTCXu2z9fN62Q==
  dependencies:
    any-promise "^1.0.0"
    object-assign "^4.0.1"
    thenify-all "^1.0.0"

negotiator@0.6.2:
  version "0.6.2"
  resolved "https://registry.yarnpkg.com/negotiator/-/negotiator-0.6.2.tgz#feacf7ccf525a77ae9634436a64883ffeca346fb"
  integrity sha512-hZXc7K2e+PgeI1eDBe/10Ard4ekbfrrqG8Ep+8Jmf4JID2bNg7NvCPOZN+kfF574pFQI7mum2AUqDidoKqcTOw==

node-version-matches@^2.0.1:
  version "2.0.1"
  resolved "https://registry.yarnpkg.com/node-version-matches/-/node-version-matches-2.0.1.tgz#9dde43d39c20d1068635b3cc01a8b460eb5ef533"
  integrity sha512-oqk6+05FC0dNVY5NuXuhPEMq+m1b9ZjS9SIhVE9EjwCHZspnmjSO8npbKAEieinR8GeEgbecoQcYIvI/Kwcf6Q==
  dependencies:
    semver "^6.3.0"

object-assign@^4.0.1:
  version "4.1.1"
  resolved "https://registry.yarnpkg.com/object-assign/-/object-assign-4.1.1.tgz#2109adc7965887cfc05cbbd442cac8bfbb360863"
  integrity sha1-IQmtx5ZYh8/AXLvUQsrIv7s2CGM=

on-finished@^2.3.0, on-finished@~2.3.0:
  version "2.3.0"
  resolved "https://registry.yarnpkg.com/on-finished/-/on-finished-2.3.0.tgz#20f1336481b083cd75337992a16971aa2d906947"
  integrity sha1-IPEzZIGwg811M3mSoWlxqi2QaUc=
  dependencies:
    ee-first "1.1.1"

on-headers@~1.0.2:
  version "1.0.2"
  resolved "https://registry.yarnpkg.com/on-headers/-/on-headers-1.0.2.tgz#772b0ae6aaa525c399e489adfad90c403eb3c28f"
  integrity sha512-pZAE+FJLoyITytdqK0U5s+FIpjN0JP3OzFi/u8Rx+EV5/W+JTWGXG8xFzevE7AjBfDqHv/8vL8qQsIhHnqRkrA==

only@~0.0.2:
  version "0.0.2"
  resolved "https://registry.yarnpkg.com/only/-/only-0.0.2.tgz#2afde84d03e50b9a8edc444e30610a70295edfb4"
  integrity sha1-Kv3oTQPlC5qO3EROMGEKcCle37Q=

open@^7.0.4:
  version "7.3.0"
  resolved "https://registry.yarnpkg.com/open/-/open-7.3.0.tgz#45461fdee46444f3645b6e14eb3ca94b82e1be69"
  integrity sha512-mgLwQIx2F/ye9SmbrUkurZCnkoXyXyu9EbHtJZrICjVAJfyMArdHp3KkixGdZx1ZHFPNIwl0DDM1dFFqXbTLZw==
  dependencies:
    is-docker "^2.0.0"
    is-wsl "^2.1.1"

parseurl@^1.3.2, parseurl@~1.3.2:
  version "1.3.3"
  resolved "https://registry.yarnpkg.com/parseurl/-/parseurl-1.3.3.tgz#9da19e7bee8d12dff0513ed5b76957793bc2e8d4"
  integrity sha512-CiyeOxFT/JZyN5m0z9PfXw4SCBJ6Sygz1Dpl0wqjlhDEGGBP1GnsUVEL0p63hoG1fcj3fHynXi9NYO4nWOL+qQ==

path-is-absolute@1.0.1:
  version "1.0.1"
  resolved "https://registry.yarnpkg.com/path-is-absolute/-/path-is-absolute-1.0.1.tgz#174b9268735534ffbc7ace6bf53a5a9e1b5c5f5f"
  integrity sha1-F0uSaHNVNP+8es5r9TpanhtcX18=

path-to-regexp@^1.2.0:
  version "1.8.0"
  resolved "https://registry.yarnpkg.com/path-to-regexp/-/path-to-regexp-1.8.0.tgz#887b3ba9d84393e87a0a0b9f4cb756198b53548a"
  integrity sha512-n43JRhlUKUAlibEJhPeir1ncUID16QnEjNpwzNdO3Lm4ywrBpBZ5oLD0I6br9evr1Y9JTqwRtAh7JLoOzAQdVA==
  dependencies:
    isarray "0.0.1"

path-to-regexp@^6.1.0:
  version "6.2.0"
  resolved "https://registry.yarnpkg.com/path-to-regexp/-/path-to-regexp-6.2.0.tgz#f7b3803336104c346889adece614669230645f38"
  integrity sha512-f66KywYG6+43afgE/8j/GoiNyygk/bnoCbps++3ErRKsIYkGGupyv07R2Ok5m9i67Iqc+T2g1eAUGUPzWhYTyg==

process-nextick-args@~2.0.0:
  version "2.0.1"
  resolved "https://registry.yarnpkg.com/process-nextick-args/-/process-nextick-args-2.0.1.tgz#7820d9b16120cc55ca9ae7792680ae7dba6d7fe2"
  integrity sha512-3ouUOpQhtgrbOa17J7+uxOTpITYWaGP7/AhoR3+A+/1e9skrzelGi/dXzEYyvbxubEF6Wn2ypscTKiKJFFn1ag==

qrcode-terminal@^0.12.0:
  version "0.12.0"
  resolved "https://registry.yarnpkg.com/qrcode-terminal/-/qrcode-terminal-0.12.0.tgz#bb5b699ef7f9f0505092a3748be4464fe71b5819"
  integrity sha512-EXtzRZmC+YGmGlDFbXKxQiMZNwCLEO6BANKXG4iCtSIM0yqc/pappSx3RIKr4r0uh5JsBckOXeKrB3Iz7mdQpQ==

qs@^6.5.2:
  version "6.9.4"
  resolved "https://registry.yarnpkg.com/qs/-/qs-6.9.4.tgz#9090b290d1f91728d3c22e54843ca44aea5ab687"
  integrity sha512-A1kFqHekCTM7cz0udomYUoYNWjBebHm/5wzU/XqrBRBNWectVH0QIiN+NEcZ0Dte5hvzHwbr8+XQmguPhJ6WdQ==

raw-body@^2.3.3:
  version "2.4.1"
  resolved "https://registry.yarnpkg.com/raw-body/-/raw-body-2.4.1.tgz#30ac82f98bb5ae8c152e67149dac8d55153b168c"
  integrity sha512-9WmIKF6mkvA0SLmA2Knm9+qj89e+j1zqgyn8aXGd7+nAduPoqgI9lO57SAZNn/Byzo5P7JhXTyg9PzaJbH73bA==
  dependencies:
    bytes "3.1.0"
    http-errors "1.7.3"
    iconv-lite "0.4.24"
    unpipe "1.0.0"

readable-stream@2:
  version "2.3.7"
  resolved "https://registry.yarnpkg.com/readable-stream/-/readable-stream-2.3.7.tgz#1eca1cf711aef814c04f62252a36a62f6cb23b57"
  integrity sha512-Ebho8K4jIbHAxnuxi7o42OrZgF/ZTNcsZj6nRKyUmkhLFq8CHItp/fy6hQZuZmP/n3yZ9VBUbp4zz/mX8hmYPw==
  dependencies:
    core-util-is "~1.0.0"
    inherits "~2.0.3"
    isarray "~1.0.0"
    process-nextick-args "~2.0.0"
    safe-buffer "~5.1.1"
    string_decoder "~1.1.1"
    util-deprecate "~1.0.1"

reduce-flatten@^2.0.0:
  version "2.0.0"
  resolved "https://registry.yarnpkg.com/reduce-flatten/-/reduce-flatten-2.0.0.tgz#734fd84e65f375d7ca4465c69798c25c9d10ae27"
  integrity sha512-EJ4UNY/U1t2P/2k6oqotuX2Cc3T6nxJwsM0N0asT7dhrtH1ltUxDn4NalSYmPE2rCkVpcf/X6R0wDwcFpzhd4w==

reduce-flatten@^3.0.0:
  version "3.0.0"
  resolved "https://registry.yarnpkg.com/reduce-flatten/-/reduce-flatten-3.0.0.tgz#da477d68453fd9510f9a5fbef86e0fa04b4fd315"
  integrity sha512-eczl8wAYBxJ6Egl6I1ECIF+8z6sHu+KE7BzaEDZTpPXKXfy9SUDQlVYwkRcNTjJLC3Iakxbhss50KuT/R6SYfg==

resolve-path@^1.4.0:
  version "1.4.0"
  resolved "https://registry.yarnpkg.com/resolve-path/-/resolve-path-1.4.0.tgz#c4bda9f5efb2fce65247873ab36bb4d834fe16f7"
  integrity sha1-xL2p9e+y/OZSR4c6s2u02DT+Fvc=
  dependencies:
    http-errors "~1.6.2"
    path-is-absolute "1.0.1"

safe-buffer@5.1.2, safe-buffer@~5.1.0, safe-buffer@~5.1.1:
  version "5.1.2"
  resolved "https://registry.yarnpkg.com/safe-buffer/-/safe-buffer-5.1.2.tgz#991ec69d296e0313747d59bdfd2b745c35f8828d"
  integrity sha512-Gd2UZBJDkXlY7GbJxfsE8/nvKkUEU1G38c1siN6QP6a9PT9MmHB8GnpscSmMJSoF8LOIrt8ud/wPtojys4G6+g==

"safer-buffer@>= 2.1.2 < 3":
  version "2.1.2"
  resolved "https://registry.yarnpkg.com/safer-buffer/-/safer-buffer-2.1.2.tgz#44fa161b0187b9549dd84bb91802f9bd8385cd6a"
  integrity sha512-YZo3K82SD7Riyi0E1EQPojLz7kpepnSQI9IyPbHHg1XXXevb5dJI7tpyN2ADxGcQbHG7vcyRHk0cbwqcQriUtg==

semver@^6.3.0:
  version "6.3.0"
  resolved "https://registry.yarnpkg.com/semver/-/semver-6.3.0.tgz#ee0a64c8af5e8ceea67687b133761e1becbd1d3d"
  integrity sha512-b39TBaTSfV6yBrapU89p5fKekE2m/NwnDocOVruQFS1/veMgdzuPcnOM34M6CwxW8jH/lxEa5rBoDeUwu5HHTw==

serve-index-75lb@^2.0.1:
  version "2.0.1"
  resolved "https://registry.yarnpkg.com/serve-index-75lb/-/serve-index-75lb-2.0.1.tgz#f07da6462df4cdcd49d8a14bba8f2b4b8a8dce1a"
  integrity sha512-/d9r8bqJlFQcwy0a0nb1KnWAA+Mno+V+VaoKocdkbW5aXKRQd/+4bfnRhQRQr6uEoYwTRJ4xgztOyCJvWcpBpQ==
  dependencies:
    accepts "~1.3.4"
    batch "0.6.1"
    debug "2.6.9"
    escape-html "~1.0.3"
    http-errors "~1.6.2"
    mime-types "~2.1.18"
    parseurl "~1.3.2"

setprototypeof@1.1.0:
  version "1.1.0"
  resolved "https://registry.yarnpkg.com/setprototypeof/-/setprototypeof-1.1.0.tgz#d0bd85536887b6fe7c0d818cb962d9d91c54e656"
  integrity sha512-BvE/TwpZX4FXExxOxZyRGQQv651MSwmWKZGqvmPcRIjDqWub67kTKuIMx43cZZrS/cBBzwBcNDWoFxt2XEFIpQ==

setprototypeof@1.1.1:
  version "1.1.1"
  resolved "https://registry.yarnpkg.com/setprototypeof/-/setprototypeof-1.1.1.tgz#7e95acb24aa92f5885e0abef5ba131330d4ae683"
  integrity sha512-JvdAWfbXeIGaZ9cILp38HntZSFSo3mWg6xGcJJsd+d4aRMOqauag1C63dJfDw7OaMYwEbHMOxEZ1lqVRYP2OAw==

setprototypeof@1.2.0:
  version "1.2.0"
  resolved "https://registry.yarnpkg.com/setprototypeof/-/setprototypeof-1.2.0.tgz#66c9a24a73f9fc28cbe66b09fed3d33dcaf1b424"
  integrity sha512-E5LDX7Wrp85Kil5bhZv46j8jOeboKq5JMmYM3gVGdGH8xFpPWXUMsNrlODCrkoxMEeNi/XZIwuRvY4XNwYMJpw==

"statuses@>= 1.4.0 < 2", "statuses@>= 1.5.0 < 2", statuses@^1.0.0, statuses@^1.5.0:
  version "1.5.0"
  resolved "https://registry.yarnpkg.com/statuses/-/statuses-1.5.0.tgz#161c7dac177659fd9811f43771fa99381478628c"
  integrity sha1-Fhx9rBd2Wf2YEfQ3cfqZOBR4Yow=

stream-log-stats@^3.0.2:
  version "3.0.2"
  resolved "https://registry.yarnpkg.com/stream-log-stats/-/stream-log-stats-3.0.2.tgz#405872ca30ffa02966774c7eb0663a257b06bd76"
  integrity sha512-393j7aeF9iRdHvyANqEQU82UQmpw2CTxgsT83caefh+lOxavVLbVrw8Mr4zjXeZLh2+xeHZMKfVx4T0rJ/EchA==
  dependencies:
    JSONStream "^1.3.5"
    ansi-escape-sequences "^5.1.2"
    byte-size "^6.2.0"
    common-log-format "^1.0.0"
    lodash.throttle "^4.1.1"
    stream-via "^1.0.4"
    table-layout "~1.0.0"

stream-slice@^0.1.2:
  version "0.1.2"
  resolved "https://registry.yarnpkg.com/stream-slice/-/stream-slice-0.1.2.tgz#2dc4f4e1b936fb13f3eb39a2def1932798d07a4b"
  integrity sha1-LcT04bk2+xPz6zmi3vGTJ5jQeks=

stream-via@^1.0.4:
  version "1.0.4"
  resolved "https://registry.yarnpkg.com/stream-via/-/stream-via-1.0.4.tgz#8dccbb0ac909328eb8bc8e2a4bd3934afdaf606c"
  integrity sha512-DBp0lSvX5G9KGRDTkR/R+a29H+Wk2xItOF+MpZLLNDWbEV9tGPnqLPxHEYjmiz8xGtJHRIqmI+hCjmNzqoA4nQ==

streaming-json-stringify@3:
  version "3.1.0"
  resolved "https://registry.yarnpkg.com/streaming-json-stringify/-/streaming-json-stringify-3.1.0.tgz#80200437a993cc39c4fe00263b7b3b903ac87af5"
  integrity sha1-gCAEN6mTzDnE/gAmO3s7kDrIevU=
  dependencies:
    json-stringify-safe "5"
    readable-stream "2"

string_decoder@~1.1.1:
  version "1.1.1"
  resolved "https://registry.yarnpkg.com/string_decoder/-/string_decoder-1.1.1.tgz#9cf1611ba62685d7030ae9e4ba34149c3af03fc8"
  integrity sha512-n/ShnvDi6FHbbVfviro+WojiFzv+s8MPMHBczVePfUpDJLwoLT0ht1l4YwBCbi8pJAveEEdnkHyPyTP/mzRfwg==
  dependencies:
    safe-buffer "~5.1.0"

supports-color@^5.3.0:
  version "5.5.0"
  resolved "https://registry.yarnpkg.com/supports-color/-/supports-color-5.5.0.tgz#e2e69a44ac8772f78a1ec0b35b689df6530efc8f"
  integrity sha512-QjVjwdXIt408MIiAqCX4oUKsgU2EqAGzs2Ppkm4aQYbjm+ZEWEcW4SfFNTr4uMNZma0ey4f5lgLrkB0aX0QMow==
  dependencies:
    has-flag "^3.0.0"

table-layout@^1.0.1, table-layout@~1.0.0:
  version "1.0.1"
  resolved "https://registry.yarnpkg.com/table-layout/-/table-layout-1.0.1.tgz#8411181ee951278ad0638aea2f779a9ce42894f9"
  integrity sha512-dEquqYNJiGwY7iPfZ3wbXDI944iqanTSchrACLL2nOB+1r+h1Nzu2eH+DuPPvWvm5Ry7iAPeFlgEtP5bIp5U7Q==
  dependencies:
    array-back "^4.0.1"
    deep-extend "~0.6.0"
    typical "^5.2.0"
    wordwrapjs "^4.0.0"

thenify-all@^1.0.0:
  version "1.6.0"
  resolved "https://registry.yarnpkg.com/thenify-all/-/thenify-all-1.6.0.tgz#1a1918d402d8fc3f98fbf234db0bcc8cc10e9726"
  integrity sha1-GhkY1ALY/D+Y+/I02wvMjMEOlyY=
  dependencies:
    thenify ">= 3.1.0 < 4"

"thenify@>= 3.1.0 < 4":
  version "3.3.1"
  resolved "https://registry.yarnpkg.com/thenify/-/thenify-3.3.1.tgz#8932e686a4066038a016dd9e2ca46add9838a95f"
  integrity sha512-RVZSIV5IG10Hk3enotrhvz0T9em6cyHBLkH/YAZuKqd8hRkKhSfCGIcP2KUY0EPxndzANBmNllzWPwak+bheSw==
  dependencies:
    any-promise "^1.0.0"

"through@>=2.2.7 <3":
  version "2.3.8"
  resolved "https://registry.yarnpkg.com/through/-/through-2.3.8.tgz#0dd4c9ffaabc357960b1b724115d7e0e86a2e1f5"
  integrity sha1-DdTJ/6q8NXlgsbckEV1+Doai4fU=

toidentifier@1.0.0:
  version "1.0.0"
  resolved "https://registry.yarnpkg.com/toidentifier/-/toidentifier-1.0.0.tgz#7e1be3470f1e77948bc43d94a3c8f4d7752ba553"
  integrity sha512-yaOH/Pk/VEhBWWTlhI+qXxDFXlejDGcQipMlyxda9nthulaxLZUNcUqFxokp0vcYnvteJln5FNQDRrxj3YcbVw==

tsscmp@1.0.6:
  version "1.0.6"
  resolved "https://registry.yarnpkg.com/tsscmp/-/tsscmp-1.0.6.tgz#85b99583ac3589ec4bfef825b5000aa911d605eb"
  integrity sha512-LxhtAkPDTkVCMQjt2h6eBVY28KCjikZqZfMcC15YBeNjkgUpdCfBu5HoiOTDu86v6smE8yOjyEktJ8hlbANHQA==

type-is@^1.6.16:
  version "1.6.18"
  resolved "https://registry.yarnpkg.com/type-is/-/type-is-1.6.18.tgz#4e552cd05df09467dcbc4ef739de89f2cf37c131"
  integrity sha512-TkRKr9sUTxEH8MdfuCSP7VizJyzRNMjj2J2do2Jr3Kym598JVdEksuzPQCnlFPW4ky9Q+iA+ma9BGm06XQBy8g==
  dependencies:
    media-typer "0.3.0"
    mime-types "~2.1.24"

typical@^4.0.0:
  version "4.0.0"
  resolved "https://registry.yarnpkg.com/typical/-/typical-4.0.0.tgz#cbeaff3b9d7ae1e2bbfaf5a4e6f11eccfde94fc4"
  integrity sha512-VAH4IvQ7BDFYglMd7BPRDfLgxZZX4O4TFcRDA6EN5X7erNJJq+McIEp8np9aVtxrCJ6qx4GTYVfOWNjcqwZgRw==

typical@^5.0.0, typical@^5.2.0:
  version "5.2.0"
  resolved "https://registry.yarnpkg.com/typical/-/typical-5.2.0.tgz#4daaac4f2b5315460804f0acf6cb69c52bb93066"
  integrity sha512-dvdQgNDNJo+8B2uBQoqdb11eUCE1JQXhvjC/CZtgvZseVd5TYMXnq0+vuUemXbd/Se29cTaUuPX3YIc2xgbvIg==

typical@^6.0.0:
  version "6.0.1"
  resolved "https://registry.yarnpkg.com/typical/-/typical-6.0.1.tgz#89bd1a6aa5e5e96fa907fb6b7579223bff558a06"
  integrity sha512-+g3NEp7fJLe9DPa1TArHm9QAA7YciZmWnfAqEaFrBihQ7epOv9i99rjtgb6Iz0wh3WuQDjsCTDfgRoGnmHN81A==

unpipe@1.0.0:
  version "1.0.0"
  resolved "https://registry.yarnpkg.com/unpipe/-/unpipe-1.0.0.tgz#b2bf4ee8514aae6165b4817829d21b2ef49904ec"
  integrity sha1-sr9O6FFKrmFltIF4KdIbLvSZBOw=

util-deprecate@~1.0.1:
  version "1.0.2"
  resolved "https://registry.yarnpkg.com/util-deprecate/-/util-deprecate-1.0.2.tgz#450d4dc9fa70de732762fbd2d4a28981419a0ccf"
  integrity sha1-RQ1Nyfpw3nMnYvvS1KKJgUGaDM8=

vary@^1.1.2:
  version "1.1.2"
  resolved "https://registry.yarnpkg.com/vary/-/vary-1.1.2.tgz#2299f02c6ded30d4a5961b0b9f74524a18f634fc"
  integrity sha1-IpnwLG3tMNSllhsLn3RSShj2NPw=

walk-back@^4.0.0:
  version "4.0.0"
  resolved "https://registry.yarnpkg.com/walk-back/-/walk-back-4.0.0.tgz#9e4ad2bd72038f3beed2d83180f9fd40b233bfab"
  integrity sha512-kudCA8PXVQfrqv2mFTG72vDBRi8BKWxGgFLwPpzHcpZnSwZk93WMwUDVcLHWNsnm+Y0AC4Vb6MUNRgaHfyV2DQ==

wordwrapjs@^4.0.0:
  version "4.0.0"
  resolved "https://registry.yarnpkg.com/wordwrapjs/-/wordwrapjs-4.0.0.tgz#9aa9394155993476e831ba8e59fb5795ebde6800"
  integrity sha512-Svqw723a3R34KvsMgpjFBYCgNOSdcW3mQFK4wIfhGQhtaFVOJmdYoXgi63ne3dTlWgatVcUc7t4HtQ/+bUVIzQ==
  dependencies:
    reduce-flatten "^2.0.0"
    typical "^5.0.0"

ylru@^1.2.0:
  version "1.2.1"
  resolved "https://registry.yarnpkg.com/ylru/-/ylru-1.2.1.tgz#f576b63341547989c1de7ba288760923b27fe84f"
  integrity sha512-faQrqNMzcPCHGVC2aaOINk13K+aaBDUPjGWl0teOXywElLjyVAB6Oe2jj62jHYtwsU49jXhScYbvPENK+6zAvQ==
